
Microsoft Visual Studio Solution File, Format Version 12.00
# Visual Studio 15
VisualStudioVersion = 15.0.27130.2036
MinimumVisualStudioVersion = 10.0.40219.1
Project("{FAE04EC0-301F-11D3-BF4B-00C04F79EFBC}") = "CasinoGamesAdministrator", "CasinoGamesAdministrator\CasinoGamesAdministrator.csproj", "{CE68B688-9C87-4075-AE73-4C0FE428D20A}"
EndProject
Project("{FAE04EC0-301F-11D3-BF4B-00C04F79EFBC}") = "CasinoGamesAdministrator.Tests", "CasinoGamesAdministrator.Tests\CasinoGamesAdministrator.Tests.csproj", "{A1ACBCEB-8394-4DE0-81FF-F4A4685C923D}"
EndProject
Global
	GlobalSection(SolutionConfigurationPlatforms) = preSolution
		Debug|Any CPU = Debug|Any CPU
		Release|Any CPU = Release|Any CPU
	EndGlobalSection
	GlobalSection(ProjectConfigurationPlatforms) = postSolution
		{CE68B688-9C87-4075-AE73-4C0FE428D20A}.Debug|Any CPU.ActiveCfg = Debug|Any CPU
		{CE68B688-9C87-4075-AE73-4C0FE428D20A}.Debug|Any CPU.Build.0 = Debug|Any CPU
		{CE68B688-9C87-4075-AE73-4C0FE428D20A}.Release|Any CPU.ActiveCfg = Release|Any CPU
		{CE68B688-9C87-4075-AE73-4C0FE428D20A}.Release|Any CPU.Build.0 = Release|Any CPU
		{A1ACBCEB-8394-4DE0-81FF-F4A4685C923D}.Debug|Any CPU.ActiveCfg = Debug|Any CPU
		{A1ACBCEB-8394-4DE0-81FF-F4A4685C923D}.Debug|Any CPU.Build.0 = Debug|Any CPU
		{A1ACBCEB-8394-4DE0-81FF-F4A4685C923D}.Release|Any CPU.ActiveCfg = Release|Any CPU
		{A1ACBCEB-8394-4DE0-81FF-F4A4685C923D}.Release|Any CPU.Build.0 = Release|Any CPU
	EndGlobalSection
	GlobalSection(SolutionProperties) = preSolution
		HideSolutionNode = FALSE
	EndGlobalSection
	GlobalSection(ExtensibilityGlobals) = postSolution
		SolutionGuid = {DEE5134B-AE13-4F32-B88E-1CA782D1C23D}
	EndGlobalSection
EndGlobal
